
Microsoft Visual Studio Solution File, Format Version 12.00
# Visual Studio Version 16
VisualStudioVersion = 16.0.29728.190
MinimumVisualStudioVersion = 10.0.40219.1
Project("{9A19103F-16F7-4668-BE54-9A1E7A4F7556}") = "ListSerializerTest", "ListSerializerTest\ListSerializerTest.csproj", "{EAB02AA0-BCA0-422D-A432-A28625135C8E}"
EndProject
Project("{FAE04EC0-301F-11D3-BF4B-00C04F79EFBC}") = "ListSerailizerTest.Tests", "ListSerailizerTest.Tests\ListSerailizerTest.Tests.csproj", "{A0ED8F5F-F8D1-40AA-840F-DA3D5F0F3B85}"
EndProject
Global
	GlobalSection(SolutionConfigurationPlatforms) = preSolution
		Debug|Any CPU = Debug|Any CPU
		Release|Any CPU = Release|Any CPU
	EndGlobalSection
	GlobalSection(ProjectConfigurationPlatforms) = postSolution
		{EAB02AA0-BCA0-422D-A432-A28625135C8E}.Debug|Any CPU.ActiveCfg = Debug|Any CPU
		{EAB02AA0-BCA0-422D-A432-A28625135C8E}.Debug|Any CPU.Build.0 = Debug|Any CPU
		{EAB02AA0-BCA0-422D-A432-A28625135C8E}.Release|Any CPU.ActiveCfg = Release|Any CPU
		{EAB02AA0-BCA0-422D-A432-A28625135C8E}.Release|Any CPU.Build.0 = Release|Any CPU
		{A0ED8F5F-F8D1-40AA-840F-DA3D5F0F3B85}.Debug|Any CPU.ActiveCfg = Debug|Any CPU
		{A0ED8F5F-F8D1-40AA-840F-DA3D5F0F3B85}.Debug|Any CPU.Build.0 = Debug|Any CPU
		{A0ED8F5F-F8D1-40AA-840F-DA3D5F0F3B85}.Release|Any CPU.ActiveCfg = Release|Any CPU
		{A0ED8F5F-F8D1-40AA-840F-DA3D5F0F3B85}.Release|Any CPU.Build.0 = Release|Any CPU
	EndGlobalSection
	GlobalSection(SolutionProperties) = preSolution
		HideSolutionNode = FALSE
	EndGlobalSection
	GlobalSection(ExtensibilityGlobals) = postSolution
		SolutionGuid = {DAC53BE6-45E7-4188-9E9F-0D70735E3222}
	EndGlobalSection
EndGlobal
